// !$*UTF8*$!
{
	archiveVersion = 1;
	classes = {
	};
	objectVersion = 46;
	objects = {

/* Begin PBXBuildFile section */
		6339AAB15457D90CB2D03BA8 /* Pods_swiftTranning.framework in Frameworks */ = {isa = PBXBuildFile; fileRef = D9F0B73F465ED79F1D5DB6F1 /* Pods_swiftTranning.framework */; };
		6906EE4A1E549BFA003E81CF /* FormularioViewController.swift in Sources */ = {isa = PBXBuildFile; fileRef = 6906EE491E549BFA003E81CF /* FormularioViewController.swift */; };
		690EE22C1E5DD61F00AA21D8 /* MapKit.framework in Frameworks */ = {isa = PBXBuildFile; fileRef = 690EE22B1E5DD61F00AA21D8 /* MapKit.framework */; };
		690EE22E1E5DD76C00AA21D8 /* MapViewController.swift in Sources */ = {isa = PBXBuildFile; fileRef = 690EE22D1E5DD76C00AA21D8 /* MapViewController.swift */; };
		69417B091E5C7F570057439E /* LongPressActionManager.swift in Sources */ = {isa = PBXBuildFile; fileRef = 69417B081E5C7F570057439E /* LongPressActionManager.swift */; };
		694FF2DB1E55D3E600351F47 /* Calculadora.storyboard in Resources */ = {isa = PBXBuildFile; fileRef = 694FF2D91E55D3E600351F47 /* Calculadora.storyboard */; };
		694FF2DD1E55D40B00351F47 /* CalculadoraViewController.swift in Sources */ = {isa = PBXBuildFile; fileRef = 694FF2DC1E55D40B00351F47 /* CalculadoraViewController.swift */; };
		694FF2E61E55DC9300351F47 /* Contato.m in Sources */ = {isa = PBXBuildFile; fileRef = 694FF2E51E55DC9300351F47 /* Contato.m */; };
		694FF2EB1E55E4AD00351F47 /* ContatoDAO.swift in Sources */ = {isa = PBXBuildFile; fileRef = 694FF2EA1E55E4AD00351F47 /* ContatoDAO.swift */; };
		694FF2ED1E55F11100351F47 /* ContatosTableViewController.swift in Sources */ = {isa = PBXBuildFile; fileRef = 694FF2EC1E55F11100351F47 /* ContatosTableViewController.swift */; };
		6971C1521E5492B1009AB6DB /* AppDelegate.swift in Sources */ = {isa = PBXBuildFile; fileRef = 6971C1511E5492B1009AB6DB /* AppDelegate.swift */; };
		6971C1571E5492B1009AB6DB /* Main.storyboard in Resources */ = {isa = PBXBuildFile; fileRef = 6971C1551E5492B1009AB6DB /* Main.storyboard */; };
		6971C1591E5492B1009AB6DB /* Assets.xcassets in Resources */ = {isa = PBXBuildFile; fileRef = 6971C1581E5492B1009AB6DB /* Assets.xcassets */; };
		6971C15C1E5492B1009AB6DB /* LaunchScreen.storyboard in Resources */ = {isa = PBXBuildFile; fileRef = 6971C15A1E5492B1009AB6DB /* LaunchScreen.storyboard */; };
		69764EA41E5B3CB0002EDB10 /* FormularioViewControllerDelegate.swift in Sources */ = {isa = PBXBuildFile; fileRef = 69764EA31E5B3CB0002EDB10 /* FormularioViewControllerDelegate.swift */; };
/* End PBXBuildFile section */

/* Begin PBXFileReference section */
		6906EE491E549BFA003E81CF /* FormularioViewController.swift */ = {isa = PBXFileReference; fileEncoding = 4; lastKnownFileType = sourcecode.swift; name = FormularioViewController.swift; path = controller/FormularioViewController.swift; sourceTree = "<group>"; };
		690EE22B1E5DD61F00AA21D8 /* MapKit.framework */ = {isa = PBXFileReference; lastKnownFileType = wrapper.framework; name = MapKit.framework; path = System/Library/Frameworks/MapKit.framework; sourceTree = SDKROOT; };
		690EE22D1E5DD76C00AA21D8 /* MapViewController.swift */ = {isa = PBXFileReference; fileEncoding = 4; lastKnownFileType = sourcecode.swift; name = MapViewController.swift; path = controller/MapViewController.swift; sourceTree = "<group>"; };
		690EE22F1E5DE71A00AA21D8 /* RadixLocation.gpx */ = {isa = PBXFileReference; lastKnownFileType = text.xml; path = RadixLocation.gpx; sourceTree = "<group>"; };
		69417B081E5C7F570057439E /* LongPressActionManager.swift */ = {isa = PBXFileReference; fileEncoding = 4; lastKnownFileType = sourcecode.swift; name = LongPressActionManager.swift; path = controller/actionsManager/LongPressActionManager.swift; sourceTree = "<group>"; };
		694FF2DA1E55D3E600351F47 /* Base */ = {isa = PBXFileReference; lastKnownFileType = file.storyboard; name = Base; path = Base.lproj/Calculadora.storyboard; sourceTree = "<group>"; };
		694FF2DC1E55D40B00351F47 /* CalculadoraViewController.swift */ = {isa = PBXFileReference; fileEncoding = 4; lastKnownFileType = sourcecode.swift; name = CalculadoraViewController.swift; path = controller/CalculadoraViewController.swift; sourceTree = "<group>"; };
		694FF2E41E55DC9300351F47 /* Contato.h */ = {isa = PBXFileReference; fileEncoding = 4; lastKnownFileType = sourcecode.c.h; name = Contato.h; path = model/Contato.h; sourceTree = "<group>"; };
		694FF2E51E55DC9300351F47 /* Contato.m */ = {isa = PBXFileReference; fileEncoding = 4; lastKnownFileType = sourcecode.c.objc; name = Contato.m; path = model/Contato.m; sourceTree = "<group>"; };
		694FF2EA1E55E4AD00351F47 /* ContatoDAO.swift */ = {isa = PBXFileReference; fileEncoding = 4; lastKnownFileType = sourcecode.swift; name = ContatoDAO.swift; path = dao/ContatoDAO.swift; sourceTree = "<group>"; };
		694FF2EC1E55F11100351F47 /* ContatosTableViewController.swift */ = {isa = PBXFileReference; fileEncoding = 4; lastKnownFileType = sourcecode.swift; name = ContatosTableViewController.swift; path = controller/ContatosTableViewController.swift; sourceTree = "<group>"; };
		6971C14E1E5492B1009AB6DB /* swiftTranning.app */ = {isa = PBXFileReference; explicitFileType = wrapper.application; includeInIndex = 0; path = swiftTranning.app; sourceTree = BUILT_PRODUCTS_DIR; };
		6971C1511E5492B1009AB6DB /* AppDelegate.swift */ = {isa = PBXFileReference; lastKnownFileType = sourcecode.swift; path = AppDelegate.swift; sourceTree = "<group>"; };
		6971C1561E5492B1009AB6DB /* Base */ = {isa = PBXFileReference; lastKnownFileType = file.storyboard; name = Base; path = Base.lproj/Main.storyboard; sourceTree = "<group>"; };
		6971C1581E5492B1009AB6DB /* Assets.xcassets */ = {isa = PBXFileReference; lastKnownFileType = folder.assetcatalog; path = Assets.xcassets; sourceTree = "<group>"; };
		6971C15B1E5492B1009AB6DB /* Base */ = {isa = PBXFileReference; lastKnownFileType = file.storyboard; name = Base; path = Base.lproj/LaunchScreen.storyboard; sourceTree = "<group>"; };
		6971C15D1E5492B1009AB6DB /* Info.plist */ = {isa = PBXFileReference; lastKnownFileType = text.plist.xml; path = Info.plist; sourceTree = "<group>"; };
		69764EA01E5B2099002EDB10 /* aprendizado-ios_swift-Bridging-Header.h */ = {isa = PBXFileReference; lastKnownFileType = sourcecode.c.h; name = "aprendizado-ios_swift-Bridging-Header.h"; path = "/Users/thaciana.lima/Dev/Tests/Projects/UniversidadeRadix/aprendizado-ios_swift/aprendizado-ios_swift-Bridging-Header.h"; sourceTree = "<absolute>"; };
		69764EA31E5B3CB0002EDB10 /* FormularioViewControllerDelegate.swift */ = {isa = PBXFileReference; fileEncoding = 4; lastKnownFileType = sourcecode.swift; name = FormularioViewControllerDelegate.swift; path = controller/delegate/FormularioViewControllerDelegate.swift; sourceTree = "<group>"; };
		B387730837AB1F91CC89FA06 /* Pods-swiftTranning.release.xcconfig */ = {isa = PBXFileReference; includeInIndex = 1; lastKnownFileType = text.xcconfig; name = "Pods-swiftTranning.release.xcconfig"; path = "Pods/Target Support Files/Pods-swiftTranning/Pods-swiftTranning.release.xcconfig"; sourceTree = "<group>"; };
		D9F0B73F465ED79F1D5DB6F1 /* Pods_swiftTranning.framework */ = {isa = PBXFileReference; explicitFileType = wrapper.framework; includeInIndex = 0; path = Pods_swiftTranning.framework; sourceTree = BUILT_PRODUCTS_DIR; };
		E0DB75183971788191B35B9D /* Pods-swiftTranning.debug.xcconfig */ = {isa = PBXFileReference; includeInIndex = 1; lastKnownFileType = text.xcconfig; name = "Pods-swiftTranning.debug.xcconfig"; path = "Pods/Target Support Files/Pods-swiftTranning/Pods-swiftTranning.debug.xcconfig"; sourceTree = "<group>"; };
/* End PBXFileReference section */

/* Begin PBXFrameworksBuildPhase section */
		6971C14B1E5492B1009AB6DB /* Frameworks */ = {
			isa = PBXFrameworksBuildPhase;
			buildActionMask = 2147483647;
			files = (
				690EE22C1E5DD61F00AA21D8 /* MapKit.framework in Frameworks */,
				6339AAB15457D90CB2D03BA8 /* Pods_swiftTranning.framework in Frameworks */,
			);
			runOnlyForDeploymentPostprocessing = 0;
		};
/* End PBXFrameworksBuildPhase section */

/* Begin PBXGroup section */
		6906EE4B1E549D8D003E81CF /* controller */ = {
			isa = PBXGroup;
			children = (
				69417B071E5C7F1A0057439E /* actionsManager */,
				69764EA21E5B3C78002EDB10 /* delegate */,
				694FF2EC1E55F11100351F47 /* ContatosTableViewController.swift */,
				6906EE491E549BFA003E81CF /* FormularioViewController.swift */,
				694FF2DC1E55D40B00351F47 /* CalculadoraViewController.swift */,
				690EE22D1E5DD76C00AA21D8 /* MapViewController.swift */,
			);
			name = controller;
			sourceTree = "<group>";
		};
		690EE22A1E5DD61E00AA21D8 /* Frameworks */ = {
			isa = PBXGroup;
			children = (
				690EE22B1E5DD61F00AA21D8 /* MapKit.framework */,
				D9F0B73F465ED79F1D5DB6F1 /* Pods_swiftTranning.framework */,
			);
			name = Frameworks;
			sourceTree = "<group>";
		};
		69417B071E5C7F1A0057439E /* actionsManager */ = {
			isa = PBXGroup;
			children = (
				69417B081E5C7F570057439E /* LongPressActionManager.swift */,
			);
			name = actionsManager;
			sourceTree = "<group>";
		};
		694FF2DE1E55DA0900351F47 /* view */ = {
			isa = PBXGroup;
			children = (
				6971C1551E5492B1009AB6DB /* Main.storyboard */,
				694FF2D91E55D3E600351F47 /* Calculadora.storyboard */,
			);
			name = view;
			sourceTree = "<group>";
		};
		694FF2E91E55E48D00351F47 /* DAO */ = {
			isa = PBXGroup;
			children = (
				694FF2EA1E55E4AD00351F47 /* ContatoDAO.swift */,
			);
			name = DAO;
			sourceTree = "<group>";
		};
		6971C1451E5492B1009AB6DB = {
			isa = PBXGroup;
			children = (
				6971C1501E5492B1009AB6DB /* aprendizado-ios_swift */,
				6971C14F1E5492B1009AB6DB /* Products */,
				690EE22A1E5DD61E00AA21D8 /* Frameworks */,
				7FF8D870D88EED0E5AE9BCFB /* Pods */,
			);
			sourceTree = "<group>";
		};
		6971C14F1E5492B1009AB6DB /* Products */ = {
			isa = PBXGroup;
			children = (
				6971C14E1E5492B1009AB6DB /* swiftTranning.app */,
			);
			name = Products;
			sourceTree = "<group>";
		};
		6971C1501E5492B1009AB6DB /* aprendizado-ios_swift */ = {
			isa = PBXGroup;
			children = (
				694FF2E91E55E48D00351F47 /* DAO */,
				6971C1651E54979F009AB6DB /* model */,
				694FF2DE1E55DA0900351F47 /* view */,
				6906EE4B1E549D8D003E81CF /* controller */,
				6971C1511E5492B1009AB6DB /* AppDelegate.swift */,
				6971C1581E5492B1009AB6DB /* Assets.xcassets */,
				6971C15A1E5492B1009AB6DB /* LaunchScreen.storyboard */,
				6971C15D1E5492B1009AB6DB /* Info.plist */,
				69764EA01E5B2099002EDB10 /* aprendizado-ios_swift-Bridging-Header.h */,
				690EE22F1E5DE71A00AA21D8 /* RadixLocation.gpx */,
			);
			name = "aprendizado-ios_swift";
			path = "/Users/thaciana.lima/Dev/Tests/Projects/UniversidadeRadix/aprendizado-ios_swift";
			sourceTree = "<absolute>";
		};
		6971C1651E54979F009AB6DB /* model */ = {
			isa = PBXGroup;
			children = (
				694FF2E41E55DC9300351F47 /* Contato.h */,
				694FF2E51E55DC9300351F47 /* Contato.m */,
			);
			name = model;
			sourceTree = "<group>";
		};
		69764EA21E5B3C78002EDB10 /* delegate */ = {
			isa = PBXGroup;
			children = (
				69764EA31E5B3CB0002EDB10 /* FormularioViewControllerDelegate.swift */,
			);
			name = delegate;
			sourceTree = "<group>";
		};
		7FF8D870D88EED0E5AE9BCFB /* Pods */ = {
			isa = PBXGroup;
			children = (
				E0DB75183971788191B35B9D /* Pods-swiftTranning.debug.xcconfig */,
				B387730837AB1F91CC89FA06 /* Pods-swiftTranning.release.xcconfig */,
			);
			name = Pods;
			sourceTree = "<group>";
		};
/* End PBXGroup section */

/* Begin PBXNativeTarget section */
		6971C14D1E5492B1009AB6DB /* swiftTranning */ = {
			isa = PBXNativeTarget;
			buildConfigurationList = 6971C1601E5492B1009AB6DB /* Build configuration list for PBXNativeTarget "swiftTranning" */;
			buildPhases = (
				5A3C6E5BC138639E8D694693 /* [CP] Check Pods Manifest.lock */,
				6971C14A1E5492B1009AB6DB /* Sources */,
				6971C14B1E5492B1009AB6DB /* Frameworks */,
				6971C14C1E5492B1009AB6DB /* Resources */,
				5A92382459281A51D6C7E2B6 /* [CP] Embed Pods Frameworks */,
				46357A150FE1A8DFEDBBAAA2 /* [CP] Copy Pods Resources */,
			);
			buildRules = (
			);
			dependencies = (
			);
			name = swiftTranning;
			productName = swiftTranning;
			productReference = 6971C14E1E5492B1009AB6DB /* swiftTranning.app */;
			productType = "com.apple.product-type.application";
		};
/* End PBXNativeTarget section */

/* Begin PBXProject section */
		6971C1461E5492B1009AB6DB /* Project object */ = {
			isa = PBXProject;
			attributes = {
				LastSwiftUpdateCheck = 0820;
				LastUpgradeCheck = 0820;
				ORGANIZATIONNAME = "Universidade Radix";
				TargetAttributes = {
					6971C14D1E5492B1009AB6DB = {
						CreatedOnToolsVersion = 8.2.1;
						DevelopmentTeam = LMV7YJMJ9G;
						LastSwiftMigration = 0820;
						ProvisioningStyle = Automatic;
					};
				};
			};
			buildConfigurationList = 6971C1491E5492B1009AB6DB /* Build configuration list for PBXProject "swiftTranning" */;
			compatibilityVersion = "Xcode 3.2";
			developmentRegion = English;
			hasScannedForEncodings = 0;
			knownRegions = (
				en,
				Base,
			);
			mainGroup = 6971C1451E5492B1009AB6DB;
			productRefGroup = 6971C14F1E5492B1009AB6DB /* Products */;
			projectDirPath = "";
			projectRoot = "";
			targets = (
				6971C14D1E5492B1009AB6DB /* swiftTranning */,
			);
		};
/* End PBXProject section */

/* Begin PBXResourcesBuildPhase section */
		6971C14C1E5492B1009AB6DB /* Resources */ = {
			isa = PBXResourcesBuildPhase;
			buildActionMask = 2147483647;
			files = (
				694FF2DB1E55D3E600351F47 /* Calculadora.storyboard in Resources */,
				6971C15C1E5492B1009AB6DB /* LaunchScreen.storyboard in Resources */,
				6971C1591E5492B1009AB6DB /* Assets.xcassets in Resources */,
				6971C1571E5492B1009AB6DB /* Main.storyboard in Resources */,
			);
			runOnlyForDeploymentPostprocessing = 0;
		};
/* End PBXResourcesBuildPhase section */

/* Begin PBXShellScriptBuildPhase section */
		46357A150FE1A8DFEDBBAAA2 /* [CP] Copy Pods Resources */ = {
			isa = PBXShellScriptBuildPhase;
			buildActionMask = 2147483647;
			files = (
			);
			inputPaths = (
			);
			name = "[CP] Copy Pods Resources";
			outputPaths = (
			);
			runOnlyForDeploymentPostprocessing = 0;
			shellPath = /bin/sh;
			shellScript = "\"${SRCROOT}/Pods/Target Support Files/Pods-swiftTranning/Pods-swiftTranning-resources.sh\"\n";
			showEnvVarsInLog = 0;
		};
		5A3C6E5BC138639E8D694693 /* [CP] Check Pods Manifest.lock */ = {
			isa = PBXShellScriptBuildPhase;
			buildActionMask = 2147483647;
			files = (
			);
			inputPaths = (
			);
			name = "[CP] Check Pods Manifest.lock";
			outputPaths = (
			);
			runOnlyForDeploymentPostprocessing = 0;
			shellPath = /bin/sh;
			shellScript = "diff \"${PODS_ROOT}/../Podfile.lock\" \"${PODS_ROOT}/Manifest.lock\" > /dev/null\nif [ $? != 0 ] ; then\n    # print error to STDERR\n    echo \"error: The sandbox is not in sync with the Podfile.lock. Run 'pod install' or update your CocoaPods installation.\" >&2\n    exit 1\nfi\n";
			showEnvVarsInLog = 0;
		};
		5A92382459281A51D6C7E2B6 /* [CP] Embed Pods Frameworks */ = {
			isa = PBXShellScriptBuildPhase;
			buildActionMask = 2147483647;
			files = (
			);
			inputPaths = (
			);
			name = "[CP] Embed Pods Frameworks";
			outputPaths = (
			);
			runOnlyForDeploymentPostprocessing = 0;
			shellPath = /bin/sh;
			shellScript = "\"${SRCROOT}/Pods/Target Support Files/Pods-swiftTranning/Pods-swiftTranning-frameworks.sh\"\n";
			showEnvVarsInLog = 0;
		};
/* End PBXShellScriptBuildPhase section */

/* Begin PBXSourcesBuildPhase section */
		6971C14A1E5492B1009AB6DB /* Sources */ = {
			isa = PBXSourcesBuildPhase;
			buildActionMask = 2147483647;
			files = (
				694FF2ED1E55F11100351F47 /* ContatosTableViewController.swift in Sources */,
				694FF2E61E55DC9300351F47 /* Contato.m in Sources */,
				694FF2DD1E55D40B00351F47 /* CalculadoraViewController.swift in Sources */,
				69764EA41E5B3CB0002EDB10 /* FormularioViewControllerDelegate.swift in Sources */,
				690EE22E1E5DD76C00AA21D8 /* MapViewController.swift in Sources */,
				694FF2EB1E55E4AD00351F47 /* ContatoDAO.swift in Sources */,
				69417B091E5C7F570057439E /* LongPressActionManager.swift in Sources */,
				6971C1521E5492B1009AB6DB /* AppDelegate.swift in Sources */,
				6906EE4A1E549BFA003E81CF /* FormularioViewController.swift in Sources */,
			);
			runOnlyForDeploymentPostprocessing = 0;
		};
/* End PBXSourcesBuildPhase section */

/* Begin PBXVariantGroup section */
		694FF2D91E55D3E600351F47 /* Calculadora.storyboard */ = {
			isa = PBXVariantGroup;
			children = (
				694FF2DA1E55D3E600351F47 /* Base */,
			);
			name = Calculadora.storyboard;
			sourceTree = "<group>";
		};
		6971C1551E5492B1009AB6DB /* Main.storyboard */ = {
			isa = PBXVariantGroup;
			children = (
				6971C1561E5492B1009AB6DB /* Base */,
			);
			name = Main.storyboard;
			sourceTree = "<group>";
		};
		6971C15A1E5492B1009AB6DB /* LaunchScreen.storyboard */ = {
			isa = PBXVariantGroup;
			children = (
				6971C15B1E5492B1009AB6DB /* Base */,
			);
			name = LaunchScreen.storyboard;
			sourceTree = "<group>";
		};
/* End PBXVariantGroup section */

/* Begin XCBuildConfiguration section */
		6971C15E1E5492B1009AB6DB /* Debug */ = {
			isa = XCBuildConfiguration;
			buildSettings = {
				ALWAYS_SEARCH_USER_PATHS = NO;
				CLANG_ANALYZER_NONNULL = YES;
				CLANG_CXX_LANGUAGE_STANDARD = "gnu++0x";
				CLANG_CXX_LIBRARY = "libc++";
				CLANG_ENABLE_MODULES = YES;
				CLANG_ENABLE_OBJC_ARC = YES;
				CLANG_WARN_BOOL_CONVERSION = YES;
				CLANG_WARN_CONSTANT_CONVERSION = YES;
				CLANG_WARN_DIRECT_OBJC_ISA_USAGE = YES_ERROR;
				CLANG_WARN_DOCUMENTATION_COMMENTS = YES;
				CLANG_WARN_EMPTY_BODY = YES;
				CLANG_WARN_ENUM_CONVERSION = YES;
				CLANG_WARN_INFINITE_RECURSION = YES;
				CLANG_WARN_INT_CONVERSION = YES;
				CLANG_WARN_OBJC_ROOT_CLASS = YES_ERROR;
				CLANG_WARN_SUSPICIOUS_MOVE = YES;
				CLANG_WARN_UNREACHABLE_CODE = YES;
				CLANG_WARN__DUPLICATE_METHOD_MATCH = YES;
				"CODE_SIGN_IDENTITY[sdk=iphoneos*]" = "iPhone Developer";
				COPY_PHASE_STRIP = NO;
				DEBUG_INFORMATION_FORMAT = dwarf;
				ENABLE_STRICT_OBJC_MSGSEND = YES;
				ENABLE_TESTABILITY = YES;
				GCC_C_LANGUAGE_STANDARD = gnu99;
				GCC_DYNAMIC_NO_PIC = NO;
				GCC_NO_COMMON_BLOCKS = YES;
				GCC_OPTIMIZATION_LEVEL = 0;
				GCC_PREPROCESSOR_DEFINITIONS = (
					"DEBUG=1",
					"$(inherited)",
				);
				GCC_WARN_64_TO_32_BIT_CONVERSION = YES;
				GCC_WARN_ABOUT_RETURN_TYPE = YES_ERROR;
				GCC_WARN_UNDECLARED_SELECTOR = YES;
				GCC_WARN_UNINITIALIZED_AUTOS = YES_AGGRESSIVE;
				GCC_WARN_UNUSED_FUNCTION = YES;
				GCC_WARN_UNUSED_VARIABLE = YES;
				IPHONEOS_DEPLOYMENT_TARGET = 10.2;
				MTL_ENABLE_DEBUG_INFO = YES;
				ONLY_ACTIVE_ARCH = YES;
				SDKROOT = iphoneos;
				SWIFT_ACTIVE_COMPILATION_CONDITIONS = DEBUG;
				SWIFT_OPTIMIZATION_LEVEL = "-Onone";
			};
			name = Debug;
		};
		6971C15F1E5492B1009AB6DB /* Release */ = {
			isa = XCBuildConfiguration;
			buildSettings = {
				ALWAYS_SEARCH_USER_PATHS = NO;
				CLANG_ANALYZER_NONNULL = YES;
				CLANG_CXX_LANGUAGE_STANDARD = "gnu++0x";
				CLANG_CXX_LIBRARY = "libc++";
				CLANG_ENABLE_MODULES = YES;
				CLANG_ENABLE_OBJC_ARC = YES;
				CLANG_WARN_BOOL_CONVERSION = YES;
				CLANG_WARN_CONSTANT_CONVERSION = YES;
				CLANG_WARN_DIRECT_OBJC_ISA_USAGE = YES_ERROR;
				CLANG_WARN_DOCUMENTATION_COMMENTS = YES;
				CLANG_WARN_EMPTY_BODY = YES;
				CLANG_WARN_ENUM_CONVERSION = YES;
				CLANG_WARN_INFINITE_RECURSION = YES;
				CLANG_WARN_INT_CONVERSION = YES;
				CLANG_WARN_OBJC_ROOT_CLASS = YES_ERROR;
				CLANG_WARN_SUSPICIOUS_MOVE = YES;
				CLANG_WARN_UNREACHABLE_CODE = YES;
				CLANG_WARN__DUPLICATE_METHOD_MATCH = YES;
				"CODE_SIGN_IDENTITY[sdk=iphoneos*]" = "iPhone Developer";
				COPY_PHASE_STRIP = NO;
				DEBUG_INFORMATION_FORMAT = "dwarf-with-dsym";
				ENABLE_NS_ASSERTIONS = NO;
				ENABLE_STRICT_OBJC_MSGSEND = YES;
				GCC_C_LANGUAGE_STANDARD = gnu99;
				GCC_NO_COMMON_BLOCKS = YES;
				GCC_WARN_64_TO_32_BIT_CONVERSION = YES;
				GCC_WARN_ABOUT_RETURN_TYPE = YES_ERROR;
				GCC_WARN_UNDECLARED_SELECTOR = YES;
				GCC_WARN_UNINITIALIZED_AUTOS = YES_AGGRESSIVE;
				GCC_WARN_UNUSED_FUNCTION = YES;
				GCC_WARN_UNUSED_VARIABLE = YES;
				IPHONEOS_DEPLOYMENT_TARGET = 10.2;
				MTL_ENABLE_DEBUG_INFO = NO;
				SDKROOT = iphoneos;
				SWIFT_OPTIMIZATION_LEVEL = "-Owholemodule";
				VALIDATE_PRODUCT = YES;
			};
			name = Release;
		};
		6971C1611E5492B1009AB6DB /* Debug */ = {
			isa = XCBuildConfiguration;
			baseConfigurationReference = E0DB75183971788191B35B9D /* Pods-swiftTranning.debug.xcconfig */;
			buildSettings = {
				ASSETCATALOG_COMPILER_APPICON_NAME = AppIcon;
				CLANG_ENABLE_MODULES = YES;
				DEVELOPMENT_TEAM = LMV7YJMJ9G;
				INFOPLIST_FILE = Info.plist;
				IPHONEOS_DEPLOYMENT_TARGET = 9.3;
				LD_RUNPATH_SEARCH_PATHS = "$(inherited) @executable_path/Frameworks";
				PRODUCT_BUNDLE_IDENTIFIER = br.com.universidaderadix.aprendizadoios;
				PRODUCT_NAME = "$(TARGET_NAME)";
				SWIFT_OBJC_BRIDGING_HEADER = "aprendizado-ios_swift-Bridging-Header.h";
				SWIFT_OPTIMIZATION_LEVEL = "-Onone";
				SWIFT_VERSION = 3.0;
			};
			name = Debug;
		};
		6971C1621E5492B1009AB6DB /* Release */ = {
			isa = XCBuildConfiguration;
			baseConfigurationReference = B387730837AB1F91CC89FA06 /* Pods-swiftTranning.release.xcconfig */;
			buildSettings = {
				ASSETCATALOG_COMPILER_APPICON_NAME = AppIcon;
				CLANG_ENABLE_MODULES = YES;
				DEVELOPMENT_TEAM = LMV7YJMJ9G;
				INFOPLIST_FILE = Info.plist;
				IPHONEOS_DEPLOYMENT_TARGET = 9.3;
				LD_RUNPATH_SEARCH_PATHS = "$(inherited) @executable_path/Frameworks";
				PRODUCT_BUNDLE_IDENTIFIER = br.com.universidaderadix.aprendizadoios;
				PRODUCT_NAME = "$(TARGET_NAME)";
				SWIFT_OBJC_BRIDGING_HEADER = "aprendizado-ios_swift-Bridging-Header.h";
				SWIFT_VERSION = 3.0;
			};
			name = Release;
		};
/* End XCBuildConfiguration section */

/* Begin XCConfigurationList section */
		6971C1491E5492B1009AB6DB /* Build configuration list for PBXProject "swiftTranning" */ = {
			isa = XCConfigurationList;
			buildConfigurations = (
				6971C15E1E5492B1009AB6DB /* Debug */,
				6971C15F1E5492B1009AB6DB /* Release */,
			);
			defaultConfigurationIsVisible = 0;
			defaultConfigurationName = Release;
		};
		6971C1601E5492B1009AB6DB /* Build configuration list for PBXNativeTarget "swiftTranning" */ = {
			isa = XCConfigurationList;
			buildConfigurations = (
				6971C1611E5492B1009AB6DB /* Debug */,
				6971C1621E5492B1009AB6DB /* Release */,
			);
			defaultConfigurationIsVisible = 0;
			defaultConfigurationName = Release;
		};
/* End XCConfigurationList section */
	};
	rootObject = 6971C1461E5492B1009AB6DB /* Project object */;
}
